{"1.1.0",
[{<<"base16">>,{pkg,<<"base16">>,<<"1.0.0">>},2},
 {<<"base64url">>,{pkg,<<"base64url">>,<<"0.0.1">>},2},
 {<<"clue">>,
  {git,"https://github.com/fogfish/clue",
       {ref,"9697c752592804daf3e12708576ad8855540548c"}},
  0},
 {<<"datalog">>,{pkg,<<"datalog">>,<<"1.2.2">>},1},
 {<<"datum">>,{pkg,<<"datum">>,<<"4.5.0">>},1},
 {<<"eini">>,{pkg,<<"eini">>,<<"1.2.5">>},2},
 {<<"elasticlog">>,
  {git,"https://github.com/fogfish/elasticlog",
       {ref,"cb25ff773f8cc02f963cf55a0330a9ddf3b42e97"}},
  0},
 {<<"erlcloud">>,{pkg,<<"erlcloud">>,<<"3.2.2">>},1},
 {<<"esio">>,
  {git,"https://github.com/fogfish/esio",
       {ref,"b891d91e8eae22d031f926d2867371f2ab8a34d9"}},
  1},
 {<<"esq">>,
  {git,"https://github.com/fogfish/esq",
       {ref,"3416bf929d94a061804325d86d0b90d4e8407640"}},
  0},
 {<<"feta">>,
  {git,"https://github.com/fogfish/feta",
       {ref,"c5d251b3f995b96afd5e8ec7da61516842aa658c"}},
  1},
 {<<"goldrush">>,{pkg,<<"goldrush">>,<<"0.1.9">>},1},
 {<<"hash">>,
  {git,"https://github.com/fogfish/hash",
       {ref,"a1b9101189e115b4eabbe941639f3c626614e986"}},
  1},
 {<<"htcodec">>,
  {git,"https://github.com/kfsm/htcodec",
       {ref,"2c9293e659fc1b000038862201b3dbd90ae6e308"}},
  2},
 {<<"htstream">>,
  {git,"https://github.com/kfsm/htstream",
       {ref,"3a393c3595232bf9cfe4d7ae0a4e09acadb1deda"}},
  2},
 {<<"jsx">>,{pkg,<<"jsx">>,<<"2.9.0">>},1},
 {<<"jwt">>,{pkg,<<"jwt">>,<<"0.1.6">>},1},
 {<<"knet">>,
  {git,"https://github.com/kfsm/knet.git",
       {ref,"6fa57be0f67021d9694470991009de5f80e527b0"}},
  1},
 {<<"lager">>,{pkg,<<"lager">>,<<"3.6.7">>},0},
 {<<"lhttpc">>,{pkg,<<"lhttpc">>,<<"1.6.2">>},2},
 {<<"meck">>,
  {git,"https://github.com/eproxus/meck",
       {ref,"12572c19983253a2c65cd4339dc3748ac3e83eea"}},
  1},
 {<<"permit">>,
  {git,"https://github.com/fogfish/permit",
       {ref,"4a81dc04c809c1fb9e1c698484ced2f84f23778a"}},
  0},
 {<<"pipe">>,{pkg,<<"pipes">>,<<"2.0.0">>},1},
 {<<"pns">>,
  {git,"https://github.com/fogfish/pns",
       {ref,"f9b37630d0a8797063a2a443b42f14353ad858c8"}},
  1},
 {<<"pts">>,
  {git,"https://github.com/fogfish/pts",
       {ref,"f98c594f1e596f81b5e54c9791bf69568327fba2"}},
  0},
 {<<"restd">>,
  {git,"https://github.com/kfsm/restd",
       {ref,"a6dcb3d2ba20315c13e2c783aecbdc1d8a2b4884"}},
  0},
 {<<"s3am">>,
  {git,"https://github.com/fogfish/s3am",
       {ref,"4b606326b8eb44b89a56f80d3b7380a3136d1949"}},
  0},
 {<<"semantic">>,
  {git,"https://github.com/fogfish/semantic",
       {ref,"6db551b5bbf9785bc6a168b5726ecc65638e8b06"}},
  1},
 {<<"uid">>,{pkg,<<"uid">>,<<"1.3.3">>},1}]}.
[
{pkg_hash,[
 {<<"base16">>, <<"283644E2B21BD5915ACB7178BED7851FB07C6E5749B8FAD68A53C501092176D9">>},
 {<<"base64url">>, <<"36A90125F5948E3AFD7BE97662A1504B934DD5DAC78451CA6E9ABF85A10286BE">>},
 {<<"datalog">>, <<"F9F0434CDFD722304DAFF7BAA036221949968754B9B35109C85304D4A2496D41">>},
 {<<"datum">>, <<"0F7F064A509632C70448F9BC7E7295BD5F9CD6E3207863B176416EF14FD19E0C">>},
 {<<"eini">>, <<"98E4988474FAAF821E3511579090AF989096ADBDB5F7BFAA03AA0A9AC80296B2">>},
 {<<"erlcloud">>, <<"22A8CE4930FE27E24C63C8397A4A3DF9E5C1B70E3626D24F24EB3ADA788DC676">>},
 {<<"goldrush">>, <<"F06E5D5F1277DA5C413E84D5A2924174182FB108DABB39D5EC548B27424CD106">>},
 {<<"jsx">>, <<"D2F6E5F069C00266CAD52FB15D87C428579EA4D7D73A33669E12679E203329DD">>},
 {<<"jwt">>, <<"F080AB90EED51B1159E43CF775277BD30AEDA85033AE2D278B4FFCAA32FF14B7">>},
 {<<"lager">>, <<"2FBF823944CAA0FC10DF5EC13F3F047524A249BB32F0D801B7900C9610264286">>},
 {<<"lhttpc">>, <<"044F16F0018C7AA7E945E9E9406C7F6035E0B8BC08BF77B00C78CE260E1071E3">>},
 {<<"pipe">>, <<"A10DF54F1EC80EAA491EE7BD689C794886E6E668A9F05436514695E9CF5370AE">>},
 {<<"uid">>, <<"31CA7E3C9D53716A2FF425E18A33E32C141B763D47B174F757D7CAF7E4228A67">>}]}
].
