{"1.1.0",
[{<<"clue">>,
  {git,"https://github.com/fogfish/clue",
       {ref,"9697c752592804daf3e12708576ad8855540548c"}},
  0},
 {<<"datalog">>,
  {git,"https://github.com/fogfish/datalog",
       {ref,"983a5cd0d00b1a2d91f1754415bbc955a12dd616"}},
  1},
 {<<"datum">>,{pkg,<<"datum">>,<<"4.3.5">>},1},
 {<<"elasticlog">>,
  {git,"https://github.com/fogfish/elasticlog",
       {ref,"36b9ac3582644a3163e38edca238406067d33d4a"}},
  0},
 {<<"esio">>,
  {git,"https://github.com/fogfish/esio",
       {ref,"7e0dc058fbc11adfc43adc2d1146ee93d93c8358"}},
  1},
 {<<"esq">>,
  {git,"https://github.com/fogfish/esq",
       {ref,"d0b55a2f13e8967d78a1584728069efac9f932da"}},
  0},
 {<<"feta">>,
  {git,"https://github.com/fogfish/feta",
       {ref,"c5d251b3f995b96afd5e8ec7da61516842aa658c"}},
  1},
 {<<"goldrush">>,{pkg,<<"goldrush">>,<<"0.1.9">>},1},
 {<<"hash">>,
  {git,"https://github.com/fogfish/hash",
       {ref,"a1b9101189e115b4eabbe941639f3c626614e986"}},
  1},
 {<<"htcodec">>,
  {git,"https://github.com/kfsm/htcodec",
       {ref,"2c9293e659fc1b000038862201b3dbd90ae6e308"}},
  1},
 {<<"htstream">>,
  {git,"https://github.com/kfsm/htstream",
       {ref,"3a393c3595232bf9cfe4d7ae0a4e09acadb1deda"}},
  1},
 {<<"jsx">>,{pkg,<<"jsx">>,<<"2.9.0">>},1},
 {<<"knet">>,
  {git,"https://github.com/fogfish/knet",
       {ref,"5c08843dce5a1f2898418fa922738db08c0dc10d"}},
  0},
 {<<"lager">>,{pkg,<<"lager">>,<<"3.6.4">>},0},
 {<<"meck">>,{pkg,<<"meck">>,<<"0.8.9">>},1},
 {<<"pipe">>,{pkg,<<"pipes">>,<<"1.8.0">>},1},
 {<<"pns">>,
  {git,"https://github.com/fogfish/pns",
       {ref,"92bfcf925064227dad32568ec84172e9321ca761"}},
  0},
 {<<"pq">>,
  {git,"https://github.com/fogfish/pq",
       {ref,"846103c8c20665b6085da7d97c71455906ad4649"}},
  0},
 {<<"pts">>,
  {git,"https://github.com/fogfish/pts",
       {ref,"f98c594f1e596f81b5e54c9791bf69568327fba2"}},
  0},
 {<<"restd">>,
  {git,"https://github.com/kfsm/restd",
       {ref,"da5a023bd1738f051653e16f92dc70d4ac56e87d"}},
  0},
 {<<"semantic">>,
  {git,"https://github.com/fogfish/semantic",
       {ref,"ba15538de34a6572722178561d079e9ab672b9fc"}},
  1},
 {<<"uid">>,
  {git,"https://github.com/fogfish/uid",
       {ref,"698ebcb27b273a2f879d8bd24be5f5ea54c98850"}},
  1}]}.
[
{pkg_hash,[
 {<<"datum">>, <<"18DE79DD128A46AC824B3EB3FCB4354BD7E0FBA242CFE1AECA6AB7B79147F785">>},
 {<<"goldrush">>, <<"F06E5D5F1277DA5C413E84D5A2924174182FB108DABB39D5EC548B27424CD106">>},
 {<<"jsx">>, <<"D2F6E5F069C00266CAD52FB15D87C428579EA4D7D73A33669E12679E203329DD">>},
 {<<"lager">>, <<"CED6E98070FB4E58EE93174D006D46479C79844DF7FC17FA4FEFC1049A320D88">>},
 {<<"meck">>, <<"64C5C0BD8BCCA3A180B44196265C8ED7594E16BCC845D0698EC6B4E577F48188">>},
 {<<"pipe">>, <<"512C831A47605D43688C8CB9266A3DCAE88BA6A3845FA65E40EB9EC22E77F5C7">>}]}
].
