{"1.1.0",
[{<<"clue">>,
  {git,"https://github.com/fogfish/clue",
       {ref,"bd40e3c2a778d4cf85a5cd29b72847b5df9557d1"}},
  0},
 {<<"datalog">>,
  {git,"https://github.com/fogfish/datalog",
       {ref,"89d3034c6ebf647493f6f47f32c8c81715a8dac7"}},
  1},
 {<<"datum">>,{pkg,<<"datum">>,<<"4.3.2">>},1},
 {<<"elasticlog">>,
  {git,"https://github.com/fogfish/elasticlog",
       {ref,"527be6e2a62fa1a3195f0e6c32329c7042130ba5"}},
  0},
 {<<"esio">>,
  {git,"https://github.com/fogfish/esio",
       {ref,"c8f263aec1b0ad7efcbd3c340f45f93abcfd2445"}},
  1},
 {<<"esq">>,
  {git,"https://github.com/fogfish/esq",
       {ref,"d0b55a2f13e8967d78a1584728069efac9f932da"}},
  0},
 {<<"feta">>,
  {git,"https://github.com/fogfish/feta",
       {ref,"c5d251b3f995b96afd5e8ec7da61516842aa658c"}},
  1},
 {<<"goldrush">>,{pkg,<<"goldrush">>,<<"0.1.9">>},1},
 {<<"hash">>,
  {git,"https://github.com/fogfish/hash",
       {ref,"74190af64061d28f8d6cff460582751bd68c41a5"}},
  1},
 {<<"hornlog">>,
  {git,"https://github.com/fogfish/hornlog",
       {ref,"71a704df5947c8e32eb88cb292a8a3eeed589f7f"}},
  2},
 {<<"htcodec">>,
  {git,"https://github.com/kfsm/htcodec",
       {ref,"2c9293e659fc1b000038862201b3dbd90ae6e308"}},
  1},
 {<<"htstream">>,
  {git,"https://github.com/kfsm/htstream",
       {ref,"3a393c3595232bf9cfe4d7ae0a4e09acadb1deda"}},
  1},
 {<<"jsx">>,{pkg,<<"jsx">>,<<"2.9.0">>},1},
 {<<"knet">>,
  {git,"https://github.com/fogfish/knet",
       {ref,"236c578e72653af1a69a75fc283110918cbb8ba8"}},
  0},
 {<<"lager">>,{pkg,<<"lager">>,<<"3.6.2">>},0},
 {<<"meck">>,{pkg,<<"meck">>,<<"0.8.9">>},1},
 {<<"pipe">>,{pkg,<<"pipes">>,<<"1.8.0">>},1},
 {<<"pns">>,
  {git,"https://github.com/fogfish/pns",
       {ref,"92bfcf925064227dad32568ec84172e9321ca761"}},
  0},
 {<<"pq">>,
  {git,"https://github.com/fogfish/pq",
       {ref,"846103c8c20665b6085da7d97c71455906ad4649"}},
  0},
 {<<"pts">>,
  {git,"https://github.com/fogfish/pts",
       {ref,"f98c594f1e596f81b5e54c9791bf69568327fba2"}},
  0},
 {<<"restd">>,
  {git,"https://github.com/kfsm/restd",
       {ref,"acd66de8895433195ab0170eb595bb7333bdc672"}},
  0},
 {<<"semantic">>,
  {git,"https://github.com/fogfish/semantic",
       {ref,"b6e8d637acfb2d7b1de45a7b1a3dae286c624bf6"}},
  1},
 {<<"uid">>,
  {git,"https://github.com/fogfish/uid",
       {ref,"698ebcb27b273a2f879d8bd24be5f5ea54c98850"}},
  1}]}.
[
{pkg_hash,[
 {<<"datum">>, <<"841549936326B2D660D267D52B3DC7B16457CC174CBACF57E655D79F4BAB924E">>},
 {<<"goldrush">>, <<"F06E5D5F1277DA5C413E84D5A2924174182FB108DABB39D5EC548B27424CD106">>},
 {<<"jsx">>, <<"D2F6E5F069C00266CAD52FB15D87C428579EA4D7D73A33669E12679E203329DD">>},
 {<<"lager">>, <<"2C72950A0E75FFD927DD35BC85EA30E7680A264C4BBD08B328250871AC456CC2">>},
 {<<"meck">>, <<"64C5C0BD8BCCA3A180B44196265C8ED7594E16BCC845D0698EC6B4E577F48188">>},
 {<<"pipe">>, <<"512C831A47605D43688C8CB9266A3DCAE88BA6A3845FA65E40EB9EC22E77F5C7">>}]}
].
